
Microsoft Visual Studio Solution File, Format Version 12.00
# Visual Studio Version 18
VisualStudioVersion = 18.0.11205.157
MinimumVisualStudioVersion = 10.0.40219.1
Project("{FAE04EC0-301F-11D3-BF4B-00C04F79EFBC}") = "StudyCards.Api", "StudyCards.Api\StudyCards.Api.csproj", "{C1EBADB5-AF21-462A-9A21-B27EDA839564}"
EndProject
Project("{FAE04EC0-301F-11D3-BF4B-00C04F79EFBC}") = "StudyCards.Application", "StudyCards.Application\StudyCards.Application.csproj", "{CD68DDF9-FD1A-4BDE-87D5-959493137DD6}"
EndProject
Project("{FAE04EC0-301F-11D3-BF4B-00C04F79EFBC}") = "StudyCards.Infrastructure.Database", "StudyCards.Infrastructure.Database\StudyCards.Infrastructure.Database.csproj", "{6D04059F-E8DA-4BB1-811F-DA000D4C30F2}"
EndProject
Project("{FAE04EC0-301F-11D3-BF4B-00C04F79EFBC}") = "StudyCards.Domain", "StudyCards.Domain\StudyCards.Domain.csproj", "{0581D13D-F487-4E76-ACA2-31F6A03D8B2D}"
EndProject
Project("{2150E333-8FDC-42A3-9474-1A3956D46DE8}") = "Tests", "Tests", "{02EA681E-C7D8-13C7-8484-4AC65E1B71E8}"
EndProject
Project("{FAE04EC0-301F-11D3-BF4B-00C04F79EFBC}") = "StudyCards.Application.Tests", "Tests\StudyCards.Application.Tests\StudyCards.Application.Tests.csproj", "{D1357B99-22AD-42A7-AA91-E87039C5C16D}"
EndProject
Project("{FAE04EC0-301F-11D3-BF4B-00C04F79EFBC}") = "StudyCards.Api.Tests", "Tests\StudyCards.Api.Tests\StudyCards.Api.Tests.csproj", "{400D7CA3-32CF-4171-B2ED-10BE9D513856}"
EndProject
Project("{FAE04EC0-301F-11D3-BF4B-00C04F79EFBC}") = "StudyCards.Domain.Tests", "Tests\StudyCards.Domain.Tests\StudyCards.Domain.Tests.csproj", "{1BD8E4C8-57F3-4977-96FC-E9A53635DFD1}"
EndProject
Project("{FAE04EC0-301F-11D3-BF4B-00C04F79EFBC}") = "StudyCards.Infrastructure.Secrets.Tests", "Tests\StudyCards.Infrastructure.Secrets\StudyCards.Infrastructure.Secrets.Tests.csproj", "{B299C397-3FD6-4700-8550-8584F02C7DC2}"
EndProject
Project("{FAE04EC0-301F-11D3-BF4B-00C04F79EFBC}") = "StudyCards.Infrastructure.Secrets", "StudyCards.Infrastructure.Secrets\StudyCards.Infrastructure.Secrets.csproj", "{3FB1C6D7-9B62-8B7F-12A9-65D7BC832422}"
EndProject
Project("{FAE04EC0-301F-11D3-BF4B-00C04F79EFBC}") = "StudyCards.AppHost", "Aspire\StudyCards.AppHost\StudyCards.AppHost.csproj", "{214722C0-659E-46AE-8D7F-08A777C36AD7}"
EndProject
Project("{FAE04EC0-301F-11D3-BF4B-00C04F79EFBC}") = "StudyCards.ServiceDefaults", "Aspire\StudyCards.ServiceDefaults\StudyCards.ServiceDefaults.csproj", "{9BBEB68C-7410-694D-BAE2-13537851CD88}"
EndProject
Project("{2150E333-8FDC-42A3-9474-1A3956D46DE8}") = "Aspire", "Aspire", "{4B92C555-DF7D-4ABC-9F1A-BDABFF029EFA}"
EndProject
Project("{FAE04EC0-301F-11D3-BF4B-00C04F79EFBC}") = "StudyCards.Architecture.Tests", "Tests\StudyCards.Architecture.Tests\StudyCards.Architecture.Tests.csproj", "{511596A5-9A69-47CC-85EF-354D9D861680}"
EndProject
Global
	GlobalSection(SolutionConfigurationPlatforms) = preSolution
		Debug|Any CPU = Debug|Any CPU
		Release|Any CPU = Release|Any CPU
	EndGlobalSection
	GlobalSection(ProjectConfigurationPlatforms) = postSolution
		{C1EBADB5-AF21-462A-9A21-B27EDA839564}.Debug|Any CPU.ActiveCfg = Debug|Any CPU
		{C1EBADB5-AF21-462A-9A21-B27EDA839564}.Debug|Any CPU.Build.0 = Debug|Any CPU
		{C1EBADB5-AF21-462A-9A21-B27EDA839564}.Release|Any CPU.ActiveCfg = Release|Any CPU
		{C1EBADB5-AF21-462A-9A21-B27EDA839564}.Release|Any CPU.Build.0 = Release|Any CPU
		{CD68DDF9-FD1A-4BDE-87D5-959493137DD6}.Debug|Any CPU.ActiveCfg = Debug|Any CPU
		{CD68DDF9-FD1A-4BDE-87D5-959493137DD6}.Debug|Any CPU.Build.0 = Debug|Any CPU
		{CD68DDF9-FD1A-4BDE-87D5-959493137DD6}.Release|Any CPU.ActiveCfg = Release|Any CPU
		{CD68DDF9-FD1A-4BDE-87D5-959493137DD6}.Release|Any CPU.Build.0 = Release|Any CPU
		{6D04059F-E8DA-4BB1-811F-DA000D4C30F2}.Debug|Any CPU.ActiveCfg = Debug|Any CPU
		{6D04059F-E8DA-4BB1-811F-DA000D4C30F2}.Debug|Any CPU.Build.0 = Debug|Any CPU
		{6D04059F-E8DA-4BB1-811F-DA000D4C30F2}.Release|Any CPU.ActiveCfg = Release|Any CPU
		{6D04059F-E8DA-4BB1-811F-DA000D4C30F2}.Release|Any CPU.Build.0 = Release|Any CPU
		{0581D13D-F487-4E76-ACA2-31F6A03D8B2D}.Debug|Any CPU.ActiveCfg = Debug|Any CPU
		{0581D13D-F487-4E76-ACA2-31F6A03D8B2D}.Debug|Any CPU.Build.0 = Debug|Any CPU
		{0581D13D-F487-4E76-ACA2-31F6A03D8B2D}.Release|Any CPU.ActiveCfg = Release|Any CPU
		{0581D13D-F487-4E76-ACA2-31F6A03D8B2D}.Release|Any CPU.Build.0 = Release|Any CPU
		{D1357B99-22AD-42A7-AA91-E87039C5C16D}.Debug|Any CPU.ActiveCfg = Debug|Any CPU
		{D1357B99-22AD-42A7-AA91-E87039C5C16D}.Debug|Any CPU.Build.0 = Debug|Any CPU
		{D1357B99-22AD-42A7-AA91-E87039C5C16D}.Release|Any CPU.ActiveCfg = Release|Any CPU
		{D1357B99-22AD-42A7-AA91-E87039C5C16D}.Release|Any CPU.Build.0 = Release|Any CPU
		{400D7CA3-32CF-4171-B2ED-10BE9D513856}.Debug|Any CPU.ActiveCfg = Debug|Any CPU
		{400D7CA3-32CF-4171-B2ED-10BE9D513856}.Debug|Any CPU.Build.0 = Debug|Any CPU
		{400D7CA3-32CF-4171-B2ED-10BE9D513856}.Release|Any CPU.ActiveCfg = Release|Any CPU
		{400D7CA3-32CF-4171-B2ED-10BE9D513856}.Release|Any CPU.Build.0 = Release|Any CPU
		{1BD8E4C8-57F3-4977-96FC-E9A53635DFD1}.Debug|Any CPU.ActiveCfg = Debug|Any CPU
		{1BD8E4C8-57F3-4977-96FC-E9A53635DFD1}.Debug|Any CPU.Build.0 = Debug|Any CPU
		{1BD8E4C8-57F3-4977-96FC-E9A53635DFD1}.Release|Any CPU.ActiveCfg = Release|Any CPU
		{1BD8E4C8-57F3-4977-96FC-E9A53635DFD1}.Release|Any CPU.Build.0 = Release|Any CPU
		{B299C397-3FD6-4700-8550-8584F02C7DC2}.Debug|Any CPU.ActiveCfg = Debug|Any CPU
		{B299C397-3FD6-4700-8550-8584F02C7DC2}.Debug|Any CPU.Build.0 = Debug|Any CPU
		{B299C397-3FD6-4700-8550-8584F02C7DC2}.Release|Any CPU.ActiveCfg = Release|Any CPU
		{B299C397-3FD6-4700-8550-8584F02C7DC2}.Release|Any CPU.Build.0 = Release|Any CPU
		{3FB1C6D7-9B62-8B7F-12A9-65D7BC832422}.Debug|Any CPU.ActiveCfg = Debug|Any CPU
		{3FB1C6D7-9B62-8B7F-12A9-65D7BC832422}.Debug|Any CPU.Build.0 = Debug|Any CPU
		{3FB1C6D7-9B62-8B7F-12A9-65D7BC832422}.Release|Any CPU.ActiveCfg = Release|Any CPU
		{3FB1C6D7-9B62-8B7F-12A9-65D7BC832422}.Release|Any CPU.Build.0 = Release|Any CPU
		{214722C0-659E-46AE-8D7F-08A777C36AD7}.Debug|Any CPU.ActiveCfg = Debug|Any CPU
		{214722C0-659E-46AE-8D7F-08A777C36AD7}.Debug|Any CPU.Build.0 = Debug|Any CPU
		{214722C0-659E-46AE-8D7F-08A777C36AD7}.Release|Any CPU.ActiveCfg = Release|Any CPU
		{214722C0-659E-46AE-8D7F-08A777C36AD7}.Release|Any CPU.Build.0 = Release|Any CPU
		{9BBEB68C-7410-694D-BAE2-13537851CD88}.Debug|Any CPU.ActiveCfg = Debug|Any CPU
		{9BBEB68C-7410-694D-BAE2-13537851CD88}.Debug|Any CPU.Build.0 = Debug|Any CPU
		{9BBEB68C-7410-694D-BAE2-13537851CD88}.Release|Any CPU.ActiveCfg = Release|Any CPU
		{9BBEB68C-7410-694D-BAE2-13537851CD88}.Release|Any CPU.Build.0 = Release|Any CPU
		{511596A5-9A69-47CC-85EF-354D9D861680}.Debug|Any CPU.ActiveCfg = Debug|Any CPU
		{511596A5-9A69-47CC-85EF-354D9D861680}.Debug|Any CPU.Build.0 = Debug|Any CPU
		{511596A5-9A69-47CC-85EF-354D9D861680}.Release|Any CPU.ActiveCfg = Release|Any CPU
		{511596A5-9A69-47CC-85EF-354D9D861680}.Release|Any CPU.Build.0 = Release|Any CPU
	EndGlobalSection
	GlobalSection(SolutionProperties) = preSolution
		HideSolutionNode = FALSE
	EndGlobalSection
	GlobalSection(NestedProjects) = preSolution
		{D1357B99-22AD-42A7-AA91-E87039C5C16D} = {02EA681E-C7D8-13C7-8484-4AC65E1B71E8}
		{400D7CA3-32CF-4171-B2ED-10BE9D513856} = {02EA681E-C7D8-13C7-8484-4AC65E1B71E8}
		{1BD8E4C8-57F3-4977-96FC-E9A53635DFD1} = {02EA681E-C7D8-13C7-8484-4AC65E1B71E8}
		{B299C397-3FD6-4700-8550-8584F02C7DC2} = {02EA681E-C7D8-13C7-8484-4AC65E1B71E8}
		{214722C0-659E-46AE-8D7F-08A777C36AD7} = {4B92C555-DF7D-4ABC-9F1A-BDABFF029EFA}
		{9BBEB68C-7410-694D-BAE2-13537851CD88} = {4B92C555-DF7D-4ABC-9F1A-BDABFF029EFA}
		{511596A5-9A69-47CC-85EF-354D9D861680} = {02EA681E-C7D8-13C7-8484-4AC65E1B71E8}
	EndGlobalSection
	GlobalSection(ExtensibilityGlobals) = postSolution
		SolutionGuid = {A1E4DC7E-1B1B-446C-B4A3-298025EA76E1}
	EndGlobalSection
EndGlobal
